
Microsoft Visual Studio Solution File, Format Version 12.00
# Visual Studio Version 17
VisualStudioVersion = 17.3.32901.215
MinimumVisualStudioVersion = 10.0.40219.1
Project("{9A19103F-16F7-4668-BE54-9A1E7A4F7556}") = "01_Forms", "01_Forms\01_Forms.csproj", "{1016E4B0-6B66-463A-A2CC-0FC203F801AC}"
EndProject
Project("{9A19103F-16F7-4668-BE54-9A1E7A4F7556}") = "02_Common_controls", "02_Common_controls\02_Common_controls.csproj", "{2DEB8FB8-4B39-4152-BBEC-F10CDF941DB1}"
EndProject
Project("{9A19103F-16F7-4668-BE54-9A1E7A4F7556}") = "03_Combo_box", "03_Combo_box\03_Combo_box.csproj", "{1763C54B-2128-44F8-A118-F3586C1E5BC1}"
EndProject
Project("{9A19103F-16F7-4668-BE54-9A1E7A4F7556}") = "04_List_box", "04_List_box\04_List_box.csproj", "{43066EB2-8693-48E3-A816-BFD3AB68B213}"
EndProject
Project("{9A19103F-16F7-4668-BE54-9A1E7A4F7556}") = "05_Controls_Indicators", "05_Controls_Indicators\05_Controls_Indicators.csproj", "{2FC9E90C-E00A-4396-9D4A-4CAF22AC6464}"
EndProject
Project("{9A19103F-16F7-4668-BE54-9A1E7A4F7556}") = "06_Child_Controls", "06_Child_Controls\06_Child_Controls.csproj", "{18A8EC7A-C28A-40A0-A458-CE526BE06033}"
EndProject
Project("{9A19103F-16F7-4668-BE54-9A1E7A4F7556}") = "07_forms", "07_forms\07_forms.csproj", "{003EFF2F-3397-43C9-84A0-1884B3EB4AA9}"
EndProject
Project("{9A19103F-16F7-4668-BE54-9A1E7A4F7556}") = "08_dialogs", "08_dialogs\08_dialogs.csproj", "{660B0BC6-F363-4BBA-934F-75CD3BF57F85}"
EndProject
Project("{9A19103F-16F7-4668-BE54-9A1E7A4F7556}") = "09_menu", "09_menu\09_menu.csproj", "{7A32B802-542F-49AD-994C-5783FD883FE1}"
EndProject
Project("{9A19103F-16F7-4668-BE54-9A1E7A4F7556}") = "10_rich_text", "10_rich_text\10_rich_text.csproj", "{4017A824-4F90-4FD6-9D70-3F4E4322CECF}"
EndProject
Project("{9A19103F-16F7-4668-BE54-9A1E7A4F7556}") = "11_tree_list_view", "11_tree_list_view\11_tree_list_view.csproj", "{5B32E09A-0B97-4A97-83AC-0FD1CAD12E55}"
EndProject
Project("{FAE04EC0-301F-11D3-BF4B-00C04F79EFBC}") = "12_graphics", "12_graphics\12_graphics.csproj", "{E4937E93-0420-4A2A-BDF2-88A481B00F86}"
EndProject
Global
	GlobalSection(SolutionConfigurationPlatforms) = preSolution
		Debug|Any CPU = Debug|Any CPU
		Release|Any CPU = Release|Any CPU
	EndGlobalSection
	GlobalSection(ProjectConfigurationPlatforms) = postSolution
		{1016E4B0-6B66-463A-A2CC-0FC203F801AC}.Debug|Any CPU.ActiveCfg = Debug|Any CPU
		{1016E4B0-6B66-463A-A2CC-0FC203F801AC}.Debug|Any CPU.Build.0 = Debug|Any CPU
		{1016E4B0-6B66-463A-A2CC-0FC203F801AC}.Release|Any CPU.ActiveCfg = Release|Any CPU
		{1016E4B0-6B66-463A-A2CC-0FC203F801AC}.Release|Any CPU.Build.0 = Release|Any CPU
		{2DEB8FB8-4B39-4152-BBEC-F10CDF941DB1}.Debug|Any CPU.ActiveCfg = Debug|Any CPU
		{2DEB8FB8-4B39-4152-BBEC-F10CDF941DB1}.Debug|Any CPU.Build.0 = Debug|Any CPU
		{2DEB8FB8-4B39-4152-BBEC-F10CDF941DB1}.Release|Any CPU.ActiveCfg = Release|Any CPU
		{2DEB8FB8-4B39-4152-BBEC-F10CDF941DB1}.Release|Any CPU.Build.0 = Release|Any CPU
		{1763C54B-2128-44F8-A118-F3586C1E5BC1}.Debug|Any CPU.ActiveCfg = Debug|Any CPU
		{1763C54B-2128-44F8-A118-F3586C1E5BC1}.Debug|Any CPU.Build.0 = Debug|Any CPU
		{1763C54B-2128-44F8-A118-F3586C1E5BC1}.Release|Any CPU.ActiveCfg = Release|Any CPU
		{1763C54B-2128-44F8-A118-F3586C1E5BC1}.Release|Any CPU.Build.0 = Release|Any CPU
		{43066EB2-8693-48E3-A816-BFD3AB68B213}.Debug|Any CPU.ActiveCfg = Debug|Any CPU
		{43066EB2-8693-48E3-A816-BFD3AB68B213}.Debug|Any CPU.Build.0 = Debug|Any CPU
		{43066EB2-8693-48E3-A816-BFD3AB68B213}.Release|Any CPU.ActiveCfg = Release|Any CPU
		{43066EB2-8693-48E3-A816-BFD3AB68B213}.Release|Any CPU.Build.0 = Release|Any CPU
		{2FC9E90C-E00A-4396-9D4A-4CAF22AC6464}.Debug|Any CPU.ActiveCfg = Debug|Any CPU
		{2FC9E90C-E00A-4396-9D4A-4CAF22AC6464}.Debug|Any CPU.Build.0 = Debug|Any CPU
		{2FC9E90C-E00A-4396-9D4A-4CAF22AC6464}.Release|Any CPU.ActiveCfg = Release|Any CPU
		{2FC9E90C-E00A-4396-9D4A-4CAF22AC6464}.Release|Any CPU.Build.0 = Release|Any CPU
		{18A8EC7A-C28A-40A0-A458-CE526BE06033}.Debug|Any CPU.ActiveCfg = Debug|Any CPU
		{18A8EC7A-C28A-40A0-A458-CE526BE06033}.Debug|Any CPU.Build.0 = Debug|Any CPU
		{18A8EC7A-C28A-40A0-A458-CE526BE06033}.Release|Any CPU.ActiveCfg = Release|Any CPU
		{18A8EC7A-C28A-40A0-A458-CE526BE06033}.Release|Any CPU.Build.0 = Release|Any CPU
		{003EFF2F-3397-43C9-84A0-1884B3EB4AA9}.Debug|Any CPU.ActiveCfg = Debug|Any CPU
		{003EFF2F-3397-43C9-84A0-1884B3EB4AA9}.Debug|Any CPU.Build.0 = Debug|Any CPU
		{003EFF2F-3397-43C9-84A0-1884B3EB4AA9}.Release|Any CPU.ActiveCfg = Release|Any CPU
		{003EFF2F-3397-43C9-84A0-1884B3EB4AA9}.Release|Any CPU.Build.0 = Release|Any CPU
		{660B0BC6-F363-4BBA-934F-75CD3BF57F85}.Debug|Any CPU.ActiveCfg = Debug|Any CPU
		{660B0BC6-F363-4BBA-934F-75CD3BF57F85}.Debug|Any CPU.Build.0 = Debug|Any CPU
		{660B0BC6-F363-4BBA-934F-75CD3BF57F85}.Release|Any CPU.ActiveCfg = Release|Any CPU
		{660B0BC6-F363-4BBA-934F-75CD3BF57F85}.Release|Any CPU.Build.0 = Release|Any CPU
		{7A32B802-542F-49AD-994C-5783FD883FE1}.Debug|Any CPU.ActiveCfg = Debug|Any CPU
		{7A32B802-542F-49AD-994C-5783FD883FE1}.Debug|Any CPU.Build.0 = Debug|Any CPU
		{7A32B802-542F-49AD-994C-5783FD883FE1}.Release|Any CPU.ActiveCfg = Release|Any CPU
		{7A32B802-542F-49AD-994C-5783FD883FE1}.Release|Any CPU.Build.0 = Release|Any CPU
		{4017A824-4F90-4FD6-9D70-3F4E4322CECF}.Debug|Any CPU.ActiveCfg = Debug|Any CPU
		{4017A824-4F90-4FD6-9D70-3F4E4322CECF}.Debug|Any CPU.Build.0 = Debug|Any CPU
		{4017A824-4F90-4FD6-9D70-3F4E4322CECF}.Release|Any CPU.ActiveCfg = Release|Any CPU
		{4017A824-4F90-4FD6-9D70-3F4E4322CECF}.Release|Any CPU.Build.0 = Release|Any CPU
		{5B32E09A-0B97-4A97-83AC-0FD1CAD12E55}.Debug|Any CPU.ActiveCfg = Debug|Any CPU
		{5B32E09A-0B97-4A97-83AC-0FD1CAD12E55}.Debug|Any CPU.Build.0 = Debug|Any CPU
		{5B32E09A-0B97-4A97-83AC-0FD1CAD12E55}.Release|Any CPU.ActiveCfg = Release|Any CPU
		{5B32E09A-0B97-4A97-83AC-0FD1CAD12E55}.Release|Any CPU.Build.0 = Release|Any CPU
		{E4937E93-0420-4A2A-BDF2-88A481B00F86}.Debug|Any CPU.ActiveCfg = Debug|Any CPU
		{E4937E93-0420-4A2A-BDF2-88A481B00F86}.Debug|Any CPU.Build.0 = Debug|Any CPU
		{E4937E93-0420-4A2A-BDF2-88A481B00F86}.Release|Any CPU.ActiveCfg = Release|Any CPU
		{E4937E93-0420-4A2A-BDF2-88A481B00F86}.Release|Any CPU.Build.0 = Release|Any CPU
	EndGlobalSection
	GlobalSection(SolutionProperties) = preSolution
		HideSolutionNode = FALSE
	EndGlobalSection
	GlobalSection(ExtensibilityGlobals) = postSolution
		SolutionGuid = {36B9B78A-F8AC-46E9-8AC7-38A8DEFC8272}
	EndGlobalSection
EndGlobal
